// !$*UTF8*$!
{
	archiveVersion = 1;
	classes = {
	};
	objectVersion = 50;
	objects = {

/* Begin PBXBuildFile section */
		FA11AA422109C32500AEAB4C /* CanBind.swift in Sources */ = {isa = PBXBuildFile; fileRef = FA11AA412109C32500AEAB4C /* CanBind.swift */; };
		FA142BDF210CBD27005C6BD1 /* OrderController.swift in Sources */ = {isa = PBXBuildFile; fileRef = FA142BDE210CBD27005C6BD1 /* OrderController.swift */; };
		FA142BE2210CC0EB005C6BD1 /* OrderNavigationItem.swift in Sources */ = {isa = PBXBuildFile; fileRef = FA142BE1210CC0EB005C6BD1 /* OrderNavigationItem.swift */; };
		FA142BE4210CD468005C6BD1 /* OrderTableViewCell.swift in Sources */ = {isa = PBXBuildFile; fileRef = FA142BE3210CD468005C6BD1 /* OrderTableViewCell.swift */; };
		FA3EAD4620F8A69E00DE34C5 /* AppDelegate.swift in Sources */ = {isa = PBXBuildFile; fileRef = FA3EAD4520F8A69E00DE34C5 /* AppDelegate.swift */; };
		FA3EAD4B20F8A69E00DE34C5 /* Main.storyboard in Resources */ = {isa = PBXBuildFile; fileRef = FA3EAD4920F8A69E00DE34C5 /* Main.storyboard */; };
		FA3EAD4D20F8A6A000DE34C5 /* Assets.xcassets in Resources */ = {isa = PBXBuildFile; fileRef = FA3EAD4C20F8A6A000DE34C5 /* Assets.xcassets */; };
		FA3EAD5020F8A6A000DE34C5 /* LaunchScreen.storyboard in Resources */ = {isa = PBXBuildFile; fileRef = FA3EAD4E20F8A6A000DE34C5 /* LaunchScreen.storyboard */; };
		FA6152A9210B4E5600BD4914 /* MiamTests.swift in Sources */ = {isa = PBXBuildFile; fileRef = FA6152A8210B4E5600BD4914 /* MiamTests.swift */; };
		FA65D4522107A38C009A4CBE /* Model.swift in Sources */ = {isa = PBXBuildFile; fileRef = FA65D4512107A38C009A4CBE /* Model.swift */; };
		FA703953210DF83200BE9920 /* CartController.swift in Sources */ = {isa = PBXBuildFile; fileRef = FA703952210DF83200BE9920 /* CartController.swift */; };
		FA703956210DFE1D00BE9920 /* CartTableViewCell.swift in Sources */ = {isa = PBXBuildFile; fileRef = FA703955210DFE1D00BE9920 /* CartTableViewCell.swift */; };
		FAA52A5021085B8B00CF4B53 /* HomeController.swift in Sources */ = {isa = PBXBuildFile; fileRef = FAA52A4F21085B8B00CF4B53 /* HomeController.swift */; };
		FAA52A5421085E4600CF4B53 /* LittleTableViewCell.swift in Sources */ = {isa = PBXBuildFile; fileRef = FAA52A5321085E4600CF4B53 /* LittleTableViewCell.swift */; };
		FAA52A5621085E5900CF4B53 /* BigTableViewCell.swift in Sources */ = {isa = PBXBuildFile; fileRef = FAA52A5521085E5900CF4B53 /* BigTableViewCell.swift */; };
		FAA52A5821086C6000CF4B53 /* LittleCollectionViewCell.swift in Sources */ = {isa = PBXBuildFile; fileRef = FAA52A5721086C6000CF4B53 /* LittleCollectionViewCell.swift */; };
		FAA52A5A21086C6F00CF4B53 /* BigCollectionViewCell.swift in Sources */ = {isa = PBXBuildFile; fileRef = FAA52A5921086C6F00CF4B53 /* BigCollectionViewCell.swift */; };
		FAA52A5D21086F7F00CF4B53 /* Extensions.swift in Sources */ = {isa = PBXBuildFile; fileRef = FAA52A5C21086F7F00CF4B53 /* Extensions.swift */; };
		FAD54104210A55F90015D5ED /* StoreController.swift in Sources */ = {isa = PBXBuildFile; fileRef = FAD54103210A55F90015D5ED /* StoreController.swift */; };
		FAD54108210A58160015D5ED /* StoreInfosTableViewCell.swift in Sources */ = {isa = PBXBuildFile; fileRef = FAD54107210A58160015D5ED /* StoreInfosTableViewCell.swift */; };
		FAD5410A210A582D0015D5ED /* StoreCategorieTableViewCell.swift in Sources */ = {isa = PBXBuildFile; fileRef = FAD54109210A582D0015D5ED /* StoreCategorieTableViewCell.swift */; };
		FAD5410C210B08500015D5ED /* StoreNavigationItem.swift in Sources */ = {isa = PBXBuildFile; fileRef = FAD5410B210B08500015D5ED /* StoreNavigationItem.swift */; };
/* End PBXBuildFile section */

/* Begin PBXContainerItemProxy section */
		FA6152AB210B4E5600BD4914 /* PBXContainerItemProxy */ = {
			isa = PBXContainerItemProxy;
			containerPortal = FA3EAD3A20F8A69E00DE34C5 /* Project object */;
			proxyType = 1;
			remoteGlobalIDString = FA3EAD4120F8A69E00DE34C5;
			remoteInfo = Miam;
		};
/* End PBXContainerItemProxy section */

/* Begin PBXFileReference section */
		FA11AA412109C32500AEAB4C /* CanBind.swift */ = {isa = PBXFileReference; lastKnownFileType = sourcecode.swift; path = CanBind.swift; sourceTree = "<group>"; };
		FA142BDE210CBD27005C6BD1 /* OrderController.swift */ = {isa = PBXFileReference; lastKnownFileType = sourcecode.swift; path = OrderController.swift; sourceTree = "<group>"; };
		FA142BE1210CC0EB005C6BD1 /* OrderNavigationItem.swift */ = {isa = PBXFileReference; lastKnownFileType = sourcecode.swift; path = OrderNavigationItem.swift; sourceTree = "<group>"; };
		FA142BE3210CD468005C6BD1 /* OrderTableViewCell.swift */ = {isa = PBXFileReference; lastKnownFileType = sourcecode.swift; path = OrderTableViewCell.swift; sourceTree = "<group>"; };
		FA3EAD4220F8A69E00DE34C5 /* Miam.app */ = {isa = PBXFileReference; explicitFileType = wrapper.application; includeInIndex = 0; path = Miam.app; sourceTree = BUILT_PRODUCTS_DIR; };
		FA3EAD4520F8A69E00DE34C5 /* AppDelegate.swift */ = {isa = PBXFileReference; lastKnownFileType = sourcecode.swift; path = AppDelegate.swift; sourceTree = "<group>"; };
		FA3EAD4A20F8A69E00DE34C5 /* Base */ = {isa = PBXFileReference; lastKnownFileType = file.storyboard; name = Base; path = Base.lproj/Main.storyboard; sourceTree = "<group>"; };
		FA3EAD4C20F8A6A000DE34C5 /* Assets.xcassets */ = {isa = PBXFileReference; lastKnownFileType = folder.assetcatalog; path = Assets.xcassets; sourceTree = "<group>"; };
		FA3EAD4F20F8A6A000DE34C5 /* Base */ = {isa = PBXFileReference; lastKnownFileType = file.storyboard; name = Base; path = Base.lproj/LaunchScreen.storyboard; sourceTree = "<group>"; };
		FA3EAD5120F8A6A000DE34C5 /* Info.plist */ = {isa = PBXFileReference; lastKnownFileType = text.plist.xml; path = Info.plist; sourceTree = "<group>"; };
		FA6152A6210B4E5600BD4914 /* MiamTests.xctest */ = {isa = PBXFileReference; explicitFileType = wrapper.cfbundle; includeInIndex = 0; path = MiamTests.xctest; sourceTree = BUILT_PRODUCTS_DIR; };
		FA6152A8210B4E5600BD4914 /* MiamTests.swift */ = {isa = PBXFileReference; lastKnownFileType = sourcecode.swift; path = MiamTests.swift; sourceTree = "<group>"; };
		FA6152AA210B4E5600BD4914 /* Info.plist */ = {isa = PBXFileReference; lastKnownFileType = text.plist.xml; path = Info.plist; sourceTree = "<group>"; };
		FA65D4512107A38C009A4CBE /* Model.swift */ = {isa = PBXFileReference; lastKnownFileType = sourcecode.swift; path = Model.swift; sourceTree = "<group>"; };
		FA703952210DF83200BE9920 /* CartController.swift */ = {isa = PBXFileReference; lastKnownFileType = sourcecode.swift; path = CartController.swift; sourceTree = "<group>"; };
		FA703955210DFE1D00BE9920 /* CartTableViewCell.swift */ = {isa = PBXFileReference; lastKnownFileType = sourcecode.swift; path = CartTableViewCell.swift; sourceTree = "<group>"; };
		FAA52A4F21085B8B00CF4B53 /* HomeController.swift */ = {isa = PBXFileReference; lastKnownFileType = sourcecode.swift; path = HomeController.swift; sourceTree = "<group>"; };
		FAA52A5321085E4600CF4B53 /* LittleTableViewCell.swift */ = {isa = PBXFileReference; lastKnownFileType = sourcecode.swift; path = LittleTableViewCell.swift; sourceTree = "<group>"; };
		FAA52A5521085E5900CF4B53 /* BigTableViewCell.swift */ = {isa = PBXFileReference; lastKnownFileType = sourcecode.swift; path = BigTableViewCell.swift; sourceTree = "<group>"; };
		FAA52A5721086C6000CF4B53 /* LittleCollectionViewCell.swift */ = {isa = PBXFileReference; lastKnownFileType = sourcecode.swift; path = LittleCollectionViewCell.swift; sourceTree = "<group>"; };
		FAA52A5921086C6F00CF4B53 /* BigCollectionViewCell.swift */ = {isa = PBXFileReference; lastKnownFileType = sourcecode.swift; path = BigCollectionViewCell.swift; sourceTree = "<group>"; };
		FAA52A5C21086F7F00CF4B53 /* Extensions.swift */ = {isa = PBXFileReference; lastKnownFileType = sourcecode.swift; path = Extensions.swift; sourceTree = "<group>"; };
		FAD54103210A55F90015D5ED /* StoreController.swift */ = {isa = PBXFileReference; lastKnownFileType = sourcecode.swift; path = StoreController.swift; sourceTree = "<group>"; };
		FAD54107210A58160015D5ED /* StoreInfosTableViewCell.swift */ = {isa = PBXFileReference; lastKnownFileType = sourcecode.swift; path = StoreInfosTableViewCell.swift; sourceTree = "<group>"; };
		FAD54109210A582D0015D5ED /* StoreCategorieTableViewCell.swift */ = {isa = PBXFileReference; lastKnownFileType = sourcecode.swift; path = StoreCategorieTableViewCell.swift; sourceTree = "<group>"; };
		FAD5410B210B08500015D5ED /* StoreNavigationItem.swift */ = {isa = PBXFileReference; lastKnownFileType = sourcecode.swift; path = StoreNavigationItem.swift; sourceTree = "<group>"; };
/* End PBXFileReference section */

/* Begin PBXFrameworksBuildPhase section */
		FA3EAD3F20F8A69E00DE34C5 /* Frameworks */ = {
			isa = PBXFrameworksBuildPhase;
			buildActionMask = 2147483647;
			files = (
			);
			runOnlyForDeploymentPostprocessing = 0;
		};
		FA6152A3210B4E5600BD4914 /* Frameworks */ = {
			isa = PBXFrameworksBuildPhase;
			buildActionMask = 2147483647;
			files = (
			);
			runOnlyForDeploymentPostprocessing = 0;
		};
/* End PBXFrameworksBuildPhase section */

/* Begin PBXGroup section */
		FA11AA402109C2F300AEAB4C /* Protocol */ = {
			isa = PBXGroup;
			children = (
				FA11AA412109C32500AEAB4C /* CanBind.swift */,
			);
			path = Protocol;
			sourceTree = "<group>";
		};
		FA142BE0210CC008005C6BD1 /* Order */ = {
			isa = PBXGroup;
			children = (
				FA142BE1210CC0EB005C6BD1 /* OrderNavigationItem.swift */,
				FA142BE3210CD468005C6BD1 /* OrderTableViewCell.swift */,
			);
			path = Order;
			sourceTree = "<group>";
		};
		FA3EAD3920F8A69E00DE34C5 = {
			isa = PBXGroup;
			children = (
				FA3EAD4420F8A69E00DE34C5 /* Miam */,
				FA6152A7210B4E5600BD4914 /* MiamTests */,
				FA3EAD4320F8A69E00DE34C5 /* Products */,
			);
			sourceTree = "<group>";
		};
		FA3EAD4320F8A69E00DE34C5 /* Products */ = {
			isa = PBXGroup;
			children = (
				FA3EAD4220F8A69E00DE34C5 /* Miam.app */,
				FA6152A6210B4E5600BD4914 /* MiamTests.xctest */,
			);
			name = Products;
			sourceTree = "<group>";
		};
		FA3EAD4420F8A69E00DE34C5 /* Miam */ = {
			isa = PBXGroup;
			children = (
				FA11AA402109C2F300AEAB4C /* Protocol */,
				FAA52A5B21086F6F00CF4B53 /* Extension */,
				FA65D44E2107A2ED009A4CBE /* Model */,
				FA65D44F2107A335009A4CBE /* View */,
				FA65D4502107A33C009A4CBE /* Controller */,
				FA3EAD4520F8A69E00DE34C5 /* AppDelegate.swift */,
				FA3EAD4920F8A69E00DE34C5 /* Main.storyboard */,
				FA3EAD4C20F8A6A000DE34C5 /* Assets.xcassets */,
				FA3EAD4E20F8A6A000DE34C5 /* LaunchScreen.storyboard */,
				FA3EAD5120F8A6A000DE34C5 /* Info.plist */,
			);
			path = Miam;
			sourceTree = "<group>";
		};
		FA6152A7210B4E5600BD4914 /* MiamTests */ = {
			isa = PBXGroup;
			children = (
				FA6152A8210B4E5600BD4914 /* MiamTests.swift */,
				FA6152AA210B4E5600BD4914 /* Info.plist */,
			);
			path = MiamTests;
			sourceTree = "<group>";
		};
		FA65D44E2107A2ED009A4CBE /* Model */ = {
			isa = PBXGroup;
			children = (
				FA65D4512107A38C009A4CBE /* Model.swift */,
			);
			path = Model;
			sourceTree = "<group>";
		};
		FA65D44F2107A335009A4CBE /* View */ = {
			isa = PBXGroup;
			children = (
				FAD54105210A572C0015D5ED /* Home */,
				FAD54106210A573D0015D5ED /* Store */,
				FA142BE0210CC008005C6BD1 /* Order */,
				FA703954210DFDBD00BE9920 /* Cart */,
			);
			path = View;
			sourceTree = "<group>";
		};
		FA65D4502107A33C009A4CBE /* Controller */ = {
			isa = PBXGroup;
			children = (
				FAA52A4F21085B8B00CF4B53 /* HomeController.swift */,
				FAD54103210A55F90015D5ED /* StoreController.swift */,
				FA142BDE210CBD27005C6BD1 /* OrderController.swift */,
				FA703952210DF83200BE9920 /* CartController.swift */,
			);
			path = Controller;
			sourceTree = "<group>";
		};
		FA703954210DFDBD00BE9920 /* Cart */ = {
			isa = PBXGroup;
			children = (
				FA703955210DFE1D00BE9920 /* CartTableViewCell.swift */,
			);
			path = Cart;
			sourceTree = "<group>";
		};
		FAA52A5B21086F6F00CF4B53 /* Extension */ = {
			isa = PBXGroup;
			children = (
				FAA52A5C21086F7F00CF4B53 /* Extensions.swift */,
			);
			path = Extension;
			sourceTree = "<group>";
		};
		FAD54105210A572C0015D5ED /* Home */ = {
			isa = PBXGroup;
			children = (
				FAA52A5321085E4600CF4B53 /* LittleTableViewCell.swift */,
				FAA52A5721086C6000CF4B53 /* LittleCollectionViewCell.swift */,
				FAA52A5521085E5900CF4B53 /* BigTableViewCell.swift */,
				FAA52A5921086C6F00CF4B53 /* BigCollectionViewCell.swift */,
			);
			path = Home;
			sourceTree = "<group>";
		};
		FAD54106210A573D0015D5ED /* Store */ = {
			isa = PBXGroup;
			children = (
				FAD54107210A58160015D5ED /* StoreInfosTableViewCell.swift */,
				FAD54109210A582D0015D5ED /* StoreCategorieTableViewCell.swift */,
				FAD5410B210B08500015D5ED /* StoreNavigationItem.swift */,
			);
			path = Store;
			sourceTree = "<group>";
		};
/* End PBXGroup section */

/* Begin PBXNativeTarget section */
		FA3EAD4120F8A69E00DE34C5 /* Miam */ = {
			isa = PBXNativeTarget;
			buildConfigurationList = FA3EAD5420F8A6A000DE34C5 /* Build configuration list for PBXNativeTarget "Miam" */;
			buildPhases = (
				FA3EAD3E20F8A69E00DE34C5 /* Sources */,
				FA3EAD3F20F8A69E00DE34C5 /* Frameworks */,
				FA3EAD4020F8A69E00DE34C5 /* Resources */,
			);
			buildRules = (
			);
			dependencies = (
			);
			name = Miam;
			productName = Miam;
			productReference = FA3EAD4220F8A69E00DE34C5 /* Miam.app */;
			productType = "com.apple.product-type.application";
		};
		FA6152A5210B4E5600BD4914 /* MiamTests */ = {
			isa = PBXNativeTarget;
			buildConfigurationList = FA6152AD210B4E5600BD4914 /* Build configuration list for PBXNativeTarget "MiamTests" */;
			buildPhases = (
				FA6152A2210B4E5600BD4914 /* Sources */,
				FA6152A3210B4E5600BD4914 /* Frameworks */,
				FA6152A4210B4E5600BD4914 /* Resources */,
			);
			buildRules = (
			);
			dependencies = (
				FA6152AC210B4E5600BD4914 /* PBXTargetDependency */,
			);
			name = MiamTests;
			productName = MiamTests;
			productReference = FA6152A6210B4E5600BD4914 /* MiamTests.xctest */;
			productType = "com.apple.product-type.bundle.unit-test";
		};
/* End PBXNativeTarget section */

/* Begin PBXProject section */
		FA3EAD3A20F8A69E00DE34C5 /* Project object */ = {
			isa = PBXProject;
			attributes = {
				LastSwiftUpdateCheck = 0940;
				LastUpgradeCheck = 1000;
				ORGANIZATIONNAME = "Alexis Gougaut";
				TargetAttributes = {
					FA3EAD4120F8A69E00DE34C5 = {
						CreatedOnToolsVersion = 10.0;
					};
					FA6152A5210B4E5600BD4914 = {
						CreatedOnToolsVersion = 9.4.1;
						TestTargetID = FA3EAD4120F8A69E00DE34C5;
					};
				};
			};
			buildConfigurationList = FA3EAD3D20F8A69E00DE34C5 /* Build configuration list for PBXProject "Miam" */;
			compatibilityVersion = "Xcode 9.3";
			developmentRegion = en;
			hasScannedForEncodings = 0;
			knownRegions = (
				en,
				Base,
			);
			mainGroup = FA3EAD3920F8A69E00DE34C5;
			productRefGroup = FA3EAD4320F8A69E00DE34C5 /* Products */;
			projectDirPath = "";
			projectRoot = "";
			targets = (
				FA3EAD4120F8A69E00DE34C5 /* Miam */,
				FA6152A5210B4E5600BD4914 /* MiamTests */,
			);
		};
/* End PBXProject section */

/* Begin PBXResourcesBuildPhase section */
		FA3EAD4020F8A69E00DE34C5 /* Resources */ = {
			isa = PBXResourcesBuildPhase;
			buildActionMask = 2147483647;
			files = (
				FA3EAD5020F8A6A000DE34C5 /* LaunchScreen.storyboard in Resources */,
				FA3EAD4D20F8A6A000DE34C5 /* Assets.xcassets in Resources */,
				FA3EAD4B20F8A69E00DE34C5 /* Main.storyboard in Resources */,
			);
			runOnlyForDeploymentPostprocessing = 0;
		};
		FA6152A4210B4E5600BD4914 /* Resources */ = {
			isa = PBXResourcesBuildPhase;
			buildActionMask = 2147483647;
			files = (
			);
			runOnlyForDeploymentPostprocessing = 0;
		};
/* End PBXResourcesBuildPhase section */

/* Begin PBXSourcesBuildPhase section */
		FA3EAD3E20F8A69E00DE34C5 /* Sources */ = {
			isa = PBXSourcesBuildPhase;
			buildActionMask = 2147483647;
			files = (
				FA142BDF210CBD27005C6BD1 /* OrderController.swift in Sources */,
				FAA52A5821086C6000CF4B53 /* LittleCollectionViewCell.swift in Sources */,
				FA142BE2210CC0EB005C6BD1 /* OrderNavigationItem.swift in Sources */,
				FA703956210DFE1D00BE9920 /* CartTableViewCell.swift in Sources */,
				FAD54108210A58160015D5ED /* StoreInfosTableViewCell.swift in Sources */,
				FAD54104210A55F90015D5ED /* StoreController.swift in Sources */,
				FAD5410A210A582D0015D5ED /* StoreCategorieTableViewCell.swift in Sources */,
				FA142BE4210CD468005C6BD1 /* OrderTableViewCell.swift in Sources */,
				FAD5410C210B08500015D5ED /* StoreNavigationItem.swift in Sources */,
				FAA52A5621085E5900CF4B53 /* BigTableViewCell.swift in Sources */,
				FA65D4522107A38C009A4CBE /* Model.swift in Sources */,
				FA11AA422109C32500AEAB4C /* CanBind.swift in Sources */,
				FA3EAD4620F8A69E00DE34C5 /* AppDelegate.swift in Sources */,
				FAA52A5A21086C6F00CF4B53 /* BigCollectionViewCell.swift in Sources */,
				FAA52A5D21086F7F00CF4B53 /* Extensions.swift in Sources */,
				FA703953210DF83200BE9920 /* CartController.swift in Sources */,
				FAA52A5021085B8B00CF4B53 /* HomeController.swift in Sources */,
				FAA52A5421085E4600CF4B53 /* LittleTableViewCell.swift in Sources */,
			);
			runOnlyForDeploymentPostprocessing = 0;
		};
		FA6152A2210B4E5600BD4914 /* Sources */ = {
			isa = PBXSourcesBuildPhase;
			buildActionMask = 2147483647;
			files = (
				FA6152A9210B4E5600BD4914 /* MiamTests.swift in Sources */,
			);
			runOnlyForDeploymentPostprocessing = 0;
		};
/* End PBXSourcesBuildPhase section */

/* Begin PBXTargetDependency section */
		FA6152AC210B4E5600BD4914 /* PBXTargetDependency */ = {
			isa = PBXTargetDependency;
			target = FA3EAD4120F8A69E00DE34C5 /* Miam */;
			targetProxy = FA6152AB210B4E5600BD4914 /* PBXContainerItemProxy */;
		};
/* End PBXTargetDependency section */

/* Begin PBXVariantGroup section */
		FA3EAD4920F8A69E00DE34C5 /* Main.storyboard */ = {
			isa = PBXVariantGroup;
			children = (
				FA3EAD4A20F8A69E00DE34C5 /* Base */,
			);
			name = Main.storyboard;
			sourceTree = "<group>";
		};
		FA3EAD4E20F8A6A000DE34C5 /* LaunchScreen.storyboard */ = {
			isa = PBXVariantGroup;
			children = (
				FA3EAD4F20F8A6A000DE34C5 /* Base */,
			);
			name = LaunchScreen.storyboard;
			sourceTree = "<group>";
		};
/* End PBXVariantGroup section */

/* Begin XCBuildConfiguration section */
		FA3EAD5220F8A6A000DE34C5 /* Debug */ = {
			isa = XCBuildConfiguration;
			buildSettings = {
				ALWAYS_SEARCH_USER_PATHS = NO;
				CLANG_ANALYZER_NONNULL = YES;
				CLANG_ANALYZER_NUMBER_OBJECT_CONVERSION = YES_AGGRESSIVE;
				CLANG_CXX_LANGUAGE_STANDARD = "gnu++14";
				CLANG_CXX_LIBRARY = "libc++";
				CLANG_ENABLE_MODULES = YES;
				CLANG_ENABLE_OBJC_ARC = YES;
				CLANG_ENABLE_OBJC_WEAK = YES;
				CLANG_WARN_BLOCK_CAPTURE_AUTORELEASING = YES;
				CLANG_WARN_BOOL_CONVERSION = YES;
				CLANG_WARN_COMMA = YES;
				CLANG_WARN_CONSTANT_CONVERSION = YES;
				CLANG_WARN_DEPRECATED_OBJC_IMPLEMENTATIONS = YES;
				CLANG_WARN_DIRECT_OBJC_ISA_USAGE = YES_ERROR;
				CLANG_WARN_DOCUMENTATION_COMMENTS = YES;
				CLANG_WARN_EMPTY_BODY = YES;
				CLANG_WARN_ENUM_CONVERSION = YES;
				CLANG_WARN_INFINITE_RECURSION = YES;
				CLANG_WARN_INT_CONVERSION = YES;
				CLANG_WARN_NON_LITERAL_NULL_CONVERSION = YES;
				CLANG_WARN_OBJC_IMPLICIT_RETAIN_SELF = YES;
				CLANG_WARN_OBJC_LITERAL_CONVERSION = YES;
				CLANG_WARN_OBJC_ROOT_CLASS = YES_ERROR;
				CLANG_WARN_RANGE_LOOP_ANALYSIS = YES;
				CLANG_WARN_STRICT_PROTOTYPES = YES;
				CLANG_WARN_SUSPICIOUS_MOVE = YES;
				CLANG_WARN_UNGUARDED_AVAILABILITY = YES_AGGRESSIVE;
				CLANG_WARN_UNREACHABLE_CODE = YES;
				CLANG_WARN__DUPLICATE_METHOD_MATCH = YES;
				CODE_SIGN_IDENTITY = "iPhone Developer";
				COPY_PHASE_STRIP = NO;
				DEBUG_INFORMATION_FORMAT = dwarf;
				ENABLE_STRICT_OBJC_MSGSEND = YES;
				ENABLE_TESTABILITY = YES;
				GCC_C_LANGUAGE_STANDARD = gnu11;
				GCC_DYNAMIC_NO_PIC = NO;
				GCC_NO_COMMON_BLOCKS = YES;
				GCC_OPTIMIZATION_LEVEL = 0;
				GCC_PREPROCESSOR_DEFINITIONS = (
					"DEBUG=1",
					"$(inherited)",
				);
				GCC_WARN_64_TO_32_BIT_CONVERSION = YES;
				GCC_WARN_ABOUT_RETURN_TYPE = YES_ERROR;
				GCC_WARN_UNDECLARED_SELECTOR = YES;
				GCC_WARN_UNINITIALIZED_AUTOS = YES_AGGRESSIVE;
				GCC_WARN_UNUSED_FUNCTION = YES;
				GCC_WARN_UNUSED_VARIABLE = YES;
				IPHONEOS_DEPLOYMENT_TARGET = 12.0;
				MTL_ENABLE_DEBUG_INFO = INCLUDE_SOURCE;
				ONLY_ACTIVE_ARCH = YES;
				SDKROOT = iphoneos;
				SWIFT_ACTIVE_COMPILATION_CONDITIONS = DEBUG;
				SWIFT_OPTIMIZATION_LEVEL = "-Onone";
			};
			name = Debug;
		};
		FA3EAD5320F8A6A000DE34C5 /* Release */ = {
			isa = XCBuildConfiguration;
			buildSettings = {
				ALWAYS_SEARCH_USER_PATHS = NO;
				CLANG_ANALYZER_NONNULL = YES;
				CLANG_ANALYZER_NUMBER_OBJECT_CONVERSION = YES_AGGRESSIVE;
				CLANG_CXX_LANGUAGE_STANDARD = "gnu++14";
				CLANG_CXX_LIBRARY = "libc++";
				CLANG_ENABLE_MODULES = YES;
				CLANG_ENABLE_OBJC_ARC = YES;
				CLANG_ENABLE_OBJC_WEAK = YES;
				CLANG_WARN_BLOCK_CAPTURE_AUTORELEASING = YES;
				CLANG_WARN_BOOL_CONVERSION = YES;
				CLANG_WARN_COMMA = YES;
				CLANG_WARN_CONSTANT_CONVERSION = YES;
				CLANG_WARN_DEPRECATED_OBJC_IMPLEMENTATIONS = YES;
				CLANG_WARN_DIRECT_OBJC_ISA_USAGE = YES_ERROR;
				CLANG_WARN_DOCUMENTATION_COMMENTS = YES;
				CLANG_WARN_EMPTY_BODY = YES;
				CLANG_WARN_ENUM_CONVERSION = YES;
				CLANG_WARN_INFINITE_RECURSION = YES;
				CLANG_WARN_INT_CONVERSION = YES;
				CLANG_WARN_NON_LITERAL_NULL_CONVERSION = YES;
				CLANG_WARN_OBJC_IMPLICIT_RETAIN_SELF = YES;
				CLANG_WARN_OBJC_LITERAL_CONVERSION = YES;
				CLANG_WARN_OBJC_ROOT_CLASS = YES_ERROR;
				CLANG_WARN_RANGE_LOOP_ANALYSIS = YES;
				CLANG_WARN_STRICT_PROTOTYPES = YES;
				CLANG_WARN_SUSPICIOUS_MOVE = YES;
				CLANG_WARN_UNGUARDED_AVAILABILITY = YES_AGGRESSIVE;
				CLANG_WARN_UNREACHABLE_CODE = YES;
				CLANG_WARN__DUPLICATE_METHOD_MATCH = YES;
				CODE_SIGN_IDENTITY = "iPhone Developer";
				COPY_PHASE_STRIP = NO;
				DEBUG_INFORMATION_FORMAT = "dwarf-with-dsym";
				ENABLE_NS_ASSERTIONS = NO;
				ENABLE_STRICT_OBJC_MSGSEND = YES;
				GCC_C_LANGUAGE_STANDARD = gnu11;
				GCC_NO_COMMON_BLOCKS = YES;
				GCC_WARN_64_TO_32_BIT_CONVERSION = YES;
				GCC_WARN_ABOUT_RETURN_TYPE = YES_ERROR;
				GCC_WARN_UNDECLARED_SELECTOR = YES;
				GCC_WARN_UNINITIALIZED_AUTOS = YES_AGGRESSIVE;
				GCC_WARN_UNUSED_FUNCTION = YES;
				GCC_WARN_UNUSED_VARIABLE = YES;
				IPHONEOS_DEPLOYMENT_TARGET = 12.0;
				MTL_ENABLE_DEBUG_INFO = NO;
				SDKROOT = iphoneos;
				SWIFT_COMPILATION_MODE = wholemodule;
				SWIFT_OPTIMIZATION_LEVEL = "-O";
				VALIDATE_PRODUCT = YES;
			};
			name = Release;
		};
		FA3EAD5520F8A6A000DE34C5 /* Debug */ = {
			isa = XCBuildConfiguration;
			buildSettings = {
				ASSETCATALOG_COMPILER_APPICON_NAME = AppIcon;
				CODE_SIGN_IDENTITY = "iPhone Developer";
				CODE_SIGN_STYLE = Automatic;
				DEVELOPMENT_TEAM = 2VS8CZC57W;
				INFOPLIST_FILE = Miam/Info.plist;
				IPHONEOS_DEPLOYMENT_TARGET = 11.4;
				LD_RUNPATH_SEARCH_PATHS = (
					"$(inherited)",
					"@executable_path/Frameworks",
				);
				PRODUCT_BUNDLE_IDENTIFIER = rawpure.Miam;
				PRODUCT_NAME = "$(TARGET_NAME)";
				PROVISIONING_PROFILE_SPECIFIER = "";
				SWIFT_VERSION = 4.2;
				TARGETED_DEVICE_FAMILY = "1,2";
			};
			name = Debug;
		};
		FA3EAD5620F8A6A000DE34C5 /* Release */ = {
			isa = XCBuildConfiguration;
			buildSettings = {
				ASSETCATALOG_COMPILER_APPICON_NAME = AppIcon;
				CODE_SIGN_IDENTITY = "iPhone Developer";
				CODE_SIGN_STYLE = Automatic;
				DEVELOPMENT_TEAM = 2VS8CZC57W;
				INFOPLIST_FILE = Miam/Info.plist;
				IPHONEOS_DEPLOYMENT_TARGET = 11.4;
				LD_RUNPATH_SEARCH_PATHS = (
					"$(inherited)",
					"@executable_path/Frameworks",
				);
				PRODUCT_BUNDLE_IDENTIFIER = rawpure.Miam;
				PRODUCT_NAME = "$(TARGET_NAME)";
				PROVISIONING_PROFILE_SPECIFIER = "";
				SWIFT_VERSION = 4.2;
				TARGETED_DEVICE_FAMILY = "1,2";
			};
			name = Release;
		};
		FA6152AE210B4E5600BD4914 /* Debug */ = {
			isa = XCBuildConfiguration;
			buildSettings = {
				BUNDLE_LOADER = "$(TEST_HOST)";
				CODE_SIGN_STYLE = Automatic;
				DEVELOPMENT_TEAM = 2VS8CZC57W;
				INFOPLIST_FILE = MiamTests/Info.plist;
				IPHONEOS_DEPLOYMENT_TARGET = 11.4;
				LD_RUNPATH_SEARCH_PATHS = (
					"$(inherited)",
					"@executable_path/Frameworks",
					"@loader_path/Frameworks",
				);
				MTL_ENABLE_DEBUG_INFO = YES;
				PRODUCT_BUNDLE_IDENTIFIER = rawpure.MiamTests;
				PRODUCT_NAME = "$(TARGET_NAME)";
				SWIFT_VERSION = 4.0;
				TARGETED_DEVICE_FAMILY = "1,2";
				TEST_HOST = "$(BUILT_PRODUCTS_DIR)/Miam.app/Miam";
			};
			name = Debug;
		};
		FA6152AF210B4E5600BD4914 /* Release */ = {
			isa = XCBuildConfiguration;
			buildSettings = {
				BUNDLE_LOADER = "$(TEST_HOST)";
				CODE_SIGN_STYLE = Automatic;
				DEVELOPMENT_TEAM = 2VS8CZC57W;
				INFOPLIST_FILE = MiamTests/Info.plist;
				IPHONEOS_DEPLOYMENT_TARGET = 11.4;
				LD_RUNPATH_SEARCH_PATHS = (
					"$(inherited)",
					"@executable_path/Frameworks",
					"@loader_path/Frameworks",
				);
				PRODUCT_BUNDLE_IDENTIFIER = rawpure.MiamTests;
				PRODUCT_NAME = "$(TARGET_NAME)";
				SWIFT_VERSION = 4.0;
				TARGETED_DEVICE_FAMILY = "1,2";
				TEST_HOST = "$(BUILT_PRODUCTS_DIR)/Miam.app/Miam";
			};
			name = Release;
		};
/* End XCBuildConfiguration section */

/* Begin XCConfigurationList section */
		FA3EAD3D20F8A69E00DE34C5 /* Build configuration list for PBXProject "Miam" */ = {
			isa = XCConfigurationList;
			buildConfigurations = (
				FA3EAD5220F8A6A000DE34C5 /* Debug */,
				FA3EAD5320F8A6A000DE34C5 /* Release */,
			);
			defaultConfigurationIsVisible = 0;
			defaultConfigurationName = Release;
		};
		FA3EAD5420F8A6A000DE34C5 /* Build configuration list for PBXNativeTarget "Miam" */ = {
			isa = XCConfigurationList;
			buildConfigurations = (
				FA3EAD5520F8A6A000DE34C5 /* Debug */,
				FA3EAD5620F8A6A000DE34C5 /* Release */,
			);
			defaultConfigurationIsVisible = 0;
			defaultConfigurationName = Release;
		};
		FA6152AD210B4E5600BD4914 /* Build configuration list for PBXNativeTarget "MiamTests" */ = {
			isa = XCConfigurationList;
			buildConfigurations = (
				FA6152AE210B4E5600BD4914 /* Debug */,
				FA6152AF210B4E5600BD4914 /* Release */,
			);
			defaultConfigurationIsVisible = 0;
			defaultConfigurationName = Release;
		};
/* End XCConfigurationList section */
	};
	rootObject = FA3EAD3A20F8A69E00DE34C5 /* Project object */;
}
